{
  "nodes": {
    "catppuccin": {
      "inputs": {
        "nixpkgs": [
          "nixpkgs"
        ]
      },
      "locked": {
        "lastModified": 1774799062,
        "narHash": "sha256-U9RGxFsLeKivD1+7sVXj5TltHGfB4m/dkn3dENT2fSM=",
        "owner": "catppuccin",
        "repo": "nix",
        "rev": "948a8ee84858d053b83f01c8c168f9f4347937e6",
        "type": "github"
      },
      "original": {
        "owner": "catppuccin",
        "repo": "nix",
        "type": "github"
      }
    },
    "crane": {
      "locked": {
        "lastModified": 1766774972,
        "narHash": "sha256-8qxEFpj4dVmIuPn9j9z6NTbU+hrcGjBOvaxTzre5HmM=",
        "owner": "ipetkov",
        "repo": "crane",
        "rev": "01bc1d404a51a0a07e9d8759cd50a7903e218c82",
        "type": "github"
      },
      "original": {
        "owner": "ipetkov",
        "repo": "crane",
        "type": "github"
      }
    },
    "flake-parts": {
      "inputs": {
        "nixpkgs-lib": "nixpkgs-lib"
      },
      "locked": {
        "lastModified": 1765835352,
        "narHash": "sha256-XswHlK/Qtjasvhd1nOa1e8MgZ8GS//jBoTqWtrS1Giw=",
        "owner": "hercules-ci",
        "repo": "flake-parts",
        "rev": "a34fae9c08a15ad73f295041fec82323541400a9",
        "type": "github"
      },
      "original": {
        "owner": "hercules-ci",
        "repo": "flake-parts",
        "type": "github"
      }
    },
    "home-manager": {
      "inputs": {
        "nixpkgs": [
          "nixpkgs"
        ]
      },
      "locked": {
        "lastModified": 1774869263,
        "narHash": "sha256-cIlpcMKhNH5BEAGVsdYnDlIabog8m7O53sByLhCJnFA=",
        "owner": "nix-community",
        "repo": "home-manager",
        "rev": "5ed75a0312adb90e7a0b39bceae8b8b4ea946e5f",
        "type": "github"
      },
      "original": {
        "owner": "nix-community",
        "repo": "home-manager",
        "type": "github"
      }
    },
    "nix-index-database": {
      "inputs": {
        "nixpkgs": [
          "nixpkgs"
        ]
      },
      "locked": {
        "lastModified": 1774762074,
        "narHash": "sha256-89Mh4Eb/5stVJX6kGagVMijcU2FmfeD8Qv7UXc5d92o=",
        "owner": "nix-community",
        "repo": "nix-index-database",
        "rev": "bc13aeaed568be76eab84df88ff39261bb52ff70",
        "type": "github"
      },
      "original": {
        "owner": "nix-community",
        "repo": "nix-index-database",
        "type": "github"
      }
    },
    "nixpkgs": {
      "locked": {
        "lastModified": 1774709303,
        "narHash": "sha256-D3Q07BbIA2KnTcSXIqqu9P586uWxN74zNoCH3h2ESHg=",
        "owner": "NixOS",
        "repo": "nixpkgs",
        "rev": "8110df5ad7abf5d4c0f6fb0f8f978390e77f9685",
        "type": "github"
      },
      "original": {
        "owner": "NixOS",
        "ref": "nixos-unstable",
        "repo": "nixpkgs",
        "type": "github"
      }
    },
    "nixpkgs-lib": {
      "locked": {
        "lastModified": 1765674936,
        "narHash": "sha256-k00uTP4JNfmejrCLJOwdObYC9jHRrr/5M/a/8L2EIdo=",
        "owner": "nix-community",
        "repo": "nixpkgs.lib",
        "rev": "2075416fcb47225d9b68ac469a5c4801a9c4dd85",
        "type": "github"
      },
      "original": {
        "owner": "nix-community",
        "repo": "nixpkgs.lib",
        "type": "github"
      }
    },
    "root": {
      "inputs": {
        "catppuccin": "catppuccin",
        "home-manager": "home-manager",
        "nix-index-database": "nix-index-database",
        "nixpkgs": "nixpkgs",
        "sops-nix": "sops-nix",
        "xremap-flake": "xremap-flake"
      }
    },
    "sops-nix": {
      "inputs": {
        "nixpkgs": [
          "nixpkgs"
        ]
      },
      "locked": {
        "lastModified": 1774760784,
        "narHash": "sha256-D+tgywBHldTc0klWCIC49+6Zlp57Y4GGwxP1CqfxZrY=",
        "owner": "Mic92",
        "repo": "sops-nix",
        "rev": "8adb84861fe70e131d44e1e33c426a51e2e0bfa5",
        "type": "github"
      },
      "original": {
        "owner": "Mic92",
        "repo": "sops-nix",
        "type": "github"
      }
    },
    "xremap": {
      "flake": false,
      "locked": {
        "lastModified": 1771790974,
        "narHash": "sha256-hXbCEdWcpOvHsFIE7pQw3evqPjqXJhEYBCBJKoGVzJQ=",
        "owner": "k0kubun",
        "repo": "xremap",
        "rev": "a2fc6caa0c7d35d87d130437dc4a4582a3908871",
        "type": "github"
      },
      "original": {
        "owner": "k0kubun",
        "ref": "v0.14.15",
        "repo": "xremap",
        "type": "github"
      }
    },
    "xremap-flake": {
      "inputs": {
        "crane": "crane",
        "flake-parts": "flake-parts",
        "nixpkgs": [
          "nixpkgs"
        ],
        "xremap": "xremap"
      },
      "locked": {
        "lastModified": 1771968045,
        "narHash": "sha256-BK2Zcio1gBMTIjIV2MfULqgxv21Y4S9HbgzGuI4AzSc=",
        "owner": "xremap",
        "repo": "nix-flake",
        "rev": "b89f36dd4a0a68d904a4995e3156f0ac758fcdd6",
        "type": "github"
      },
      "original": {
        "owner": "xremap",
        "repo": "nix-flake",
        "type": "github"
      }
    }
  },
  "root": "root",
  "version": 7
}
